
Microsoft Visual Studio Solution File, Format Version 12.00
# Visual Studio Version 17
VisualStudioVersion = 17.11.35327.3
MinimumVisualStudioVersion = 10.0.40219.1
Project("{FAE04EC0-301F-11D3-BF4B-00C04F79EFBC}") = "Tasks.WebAPI", "Tasks.WebAPI\Tasks.WebAPI.csproj", "{2A2E74D3-863F-44EA-8AD4-8C9540DB475A}"
EndProject
Project("{FAE04EC0-301F-11D3-BF4B-00C04F79EFBC}") = "Entities", "Entities\Entities.csproj", "{7B2AAC90-26AD-4119-8DA9-8C1DFE8A409E}"
EndProject
Project("{FAE04EC0-301F-11D3-BF4B-00C04F79EFBC}") = "RepositoryContracts", "RepositoryContracts\RepositoryContracts.csproj", "{C0EEF7EF-EE31-4202-9E9C-28F3C515B7E0}"
EndProject
Project("{FAE04EC0-301F-11D3-BF4B-00C04F79EFBC}") = "Repositories", "Repositories\Repositories.csproj", "{18A1926F-F846-43BF-B6AC-077D6D993E4F}"
EndProject
Project("{FAE04EC0-301F-11D3-BF4B-00C04F79EFBC}") = "ServiceContracts", "ServiceContracts\ServiceContracts.csproj", "{55F7EA41-C24C-43CF-97B6-AC0231779EAE}"
EndProject
Project("{FAE04EC0-301F-11D3-BF4B-00C04F79EFBC}") = "Services", "Services\Services.csproj", "{D8E280BB-DA4C-45B0-B29C-272D3EC5182F}"
EndProject
Global
	GlobalSection(SolutionConfigurationPlatforms) = preSolution
		Debug|Any CPU = Debug|Any CPU
		Release|Any CPU = Release|Any CPU
	EndGlobalSection
	GlobalSection(ProjectConfigurationPlatforms) = postSolution
		{2A2E74D3-863F-44EA-8AD4-8C9540DB475A}.Debug|Any CPU.ActiveCfg = Debug|Any CPU
		{2A2E74D3-863F-44EA-8AD4-8C9540DB475A}.Debug|Any CPU.Build.0 = Debug|Any CPU
		{2A2E74D3-863F-44EA-8AD4-8C9540DB475A}.Release|Any CPU.ActiveCfg = Release|Any CPU
		{2A2E74D3-863F-44EA-8AD4-8C9540DB475A}.Release|Any CPU.Build.0 = Release|Any CPU
		{7B2AAC90-26AD-4119-8DA9-8C1DFE8A409E}.Debug|Any CPU.ActiveCfg = Debug|Any CPU
		{7B2AAC90-26AD-4119-8DA9-8C1DFE8A409E}.Debug|Any CPU.Build.0 = Debug|Any CPU
		{7B2AAC90-26AD-4119-8DA9-8C1DFE8A409E}.Release|Any CPU.ActiveCfg = Release|Any CPU
		{7B2AAC90-26AD-4119-8DA9-8C1DFE8A409E}.Release|Any CPU.Build.0 = Release|Any CPU
		{C0EEF7EF-EE31-4202-9E9C-28F3C515B7E0}.Debug|Any CPU.ActiveCfg = Debug|Any CPU
		{C0EEF7EF-EE31-4202-9E9C-28F3C515B7E0}.Debug|Any CPU.Build.0 = Debug|Any CPU
		{C0EEF7EF-EE31-4202-9E9C-28F3C515B7E0}.Release|Any CPU.ActiveCfg = Release|Any CPU
		{C0EEF7EF-EE31-4202-9E9C-28F3C515B7E0}.Release|Any CPU.Build.0 = Release|Any CPU
		{18A1926F-F846-43BF-B6AC-077D6D993E4F}.Debug|Any CPU.ActiveCfg = Debug|Any CPU
		{18A1926F-F846-43BF-B6AC-077D6D993E4F}.Debug|Any CPU.Build.0 = Debug|Any CPU
		{18A1926F-F846-43BF-B6AC-077D6D993E4F}.Release|Any CPU.ActiveCfg = Release|Any CPU
		{18A1926F-F846-43BF-B6AC-077D6D993E4F}.Release|Any CPU.Build.0 = Release|Any CPU
		{55F7EA41-C24C-43CF-97B6-AC0231779EAE}.Debug|Any CPU.ActiveCfg = Debug|Any CPU
		{55F7EA41-C24C-43CF-97B6-AC0231779EAE}.Debug|Any CPU.Build.0 = Debug|Any CPU
		{55F7EA41-C24C-43CF-97B6-AC0231779EAE}.Release|Any CPU.ActiveCfg = Release|Any CPU
		{55F7EA41-C24C-43CF-97B6-AC0231779EAE}.Release|Any CPU.Build.0 = Release|Any CPU
		{D8E280BB-DA4C-45B0-B29C-272D3EC5182F}.Debug|Any CPU.ActiveCfg = Debug|Any CPU
		{D8E280BB-DA4C-45B0-B29C-272D3EC5182F}.Debug|Any CPU.Build.0 = Debug|Any CPU
		{D8E280BB-DA4C-45B0-B29C-272D3EC5182F}.Release|Any CPU.ActiveCfg = Release|Any CPU
		{D8E280BB-DA4C-45B0-B29C-272D3EC5182F}.Release|Any CPU.Build.0 = Release|Any CPU
	EndGlobalSection
	GlobalSection(SolutionProperties) = preSolution
		HideSolutionNode = FALSE
	EndGlobalSection
	GlobalSection(ExtensibilityGlobals) = postSolution
		SolutionGuid = {BDDE940A-85AB-4CF8-AB40-DF5C8794FACB}
	EndGlobalSection
EndGlobal
